<?xml version="1.0" encoding="utf-8"?>
<Project ToolsVersion="4.0" xmlns="http://schemas.microsoft.com/developer/msbuild/2003">
  <ItemGroup>
    <Filter Include="Source Files">
      <UniqueIdentifier>{4FC737F1-C7A5-4376-A066-2A32D752A2FF}</UniqueIdentifier>
      <Extensions>cpp;c;cc;cxx;def;odl;idl;hpj;bat;asm;asmx</Extensions>
    </Filter>
    <Filter Include="Header Files">
      <UniqueIdentifier>{93995380-89BD-4b04-88EB-625FBE52EBFB}</UniqueIdentifier>
      <Extensions>h;hh;hpp;hxx;hm;inl;inc;xsd</Extensions>
    </Filter>
    <Filter Include="Resource Files">
      <UniqueIdentifier>{D9D6E242-F8AF-46E4-B9FD-80ECBC20BA3E}</UniqueIdentifier>
      <Extensions>qrc;*</Extensions>
      <ParseFiles>false</ParseFiles>
    </Filter>
    <Filter Include="Form Files">
      <UniqueIdentifier>{99349809-55BA-4b9d-BF79-8FDBB0286EB3}</UniqueIdentifier>
      <Extensions>ui</Extensions>
    </Filter>
    <Filter Include="Resource Files">
      <UniqueIdentifier>{D9D6E242-F8AF-46E4-B9FD-80ECBC20BA3E}</UniqueIdentifier>
      <Extensions>qrc;*</Extensions>
      <ParseFiles>false</ParseFiles>
    </Filter>
    <Filter Include="Generated Files">
      <UniqueIdentifier>{71ED8ED8-ACB9-4CE9-BBE1-E00B30144E11}</UniqueIdentifier>
      <Extensions>moc;h;cpp</Extensions>
      <SourceControlFiles>False</SourceControlFiles>
    </Filter>
  </ItemGroup>
  <ItemGroup>
    <ClCompile Include="GeneratedFiles\qrc_26MobileTool.cpp">
      <Filter>Generated Files</Filter>
    </ClCompile>
    <ClCompile Include="Form\AdbWidget.cpp">
      <Filter>Source Files</Filter>
    </ClCompile>
    <ClCompile Include="GeneratedFiles\Debug\moc_AdbWidget.cpp">
      <Filter>Generated Files</Filter>
    </ClCompile>
    <ClCompile Include="GeneratedFiles\Release\moc_AdbWidget.cpp">
      <Filter>Generated Files</Filter>
    </ClCompile>
    <ClCompile Include="Form\AsusWidget.cpp">
      <Filter>Source Files</Filter>
    </ClCompile>
    <ClCompile Include="GeneratedFiles\Debug\moc_AsusWidget.cpp">
      <Filter>Generated Files</Filter>
    </ClCompile>
    <ClCompile Include="GeneratedFiles\Release\moc_AsusWidget.cpp">
      <Filter>Generated Files</Filter>
    </ClCompile>
    <ClCompile Include="Form\CmdWidget.cpp">
      <Filter>Source Files</Filter>
    </ClCompile>
    <ClCompile Include="GeneratedFiles\Debug\moc_CmdWidget.cpp">
      <Filter>Generated Files</Filter>
    </ClCompile>
    <ClCompile Include="GeneratedFiles\Release\moc_CmdWidget.cpp">
      <Filter>Generated Files</Filter>
    </ClCompile>
    <ClCompile Include="Form\EmmcRawWidget.cpp">
      <Filter>Source Files</Filter>
    </ClCompile>
    <ClCompile Include="GeneratedFiles\Debug\moc_EmmcRawWidget.cpp">
      <Filter>Generated Files</Filter>
    </ClCompile>
    <ClCompile Include="GeneratedFiles\Release\moc_EmmcRawWidget.cpp">
      <Filter>Generated Files</Filter>
    </ClCompile>
    <ClCompile Include="Form\MainController.cpp">
      <Filter>Source Files</Filter>
    </ClCompile>
    <ClCompile Include="GeneratedFiles\Debug\moc_MainController.cpp">
      <Filter>Generated Files</Filter>
    </ClCompile>
    <ClCompile Include="GeneratedFiles\Release\moc_MainController.cpp">
      <Filter>Generated Files</Filter>
    </ClCompile>
    <ClCompile Include="Form\MainWindow.cpp">
      <Filter>Source Files</Filter>
    </ClCompile>
    <ClCompile Include="GeneratedFiles\Debug\moc_MainWindow.cpp">
      <Filter>Generated Files</Filter>
    </ClCompile>
    <ClCompile Include="GeneratedFiles\Release\moc_MainWindow.cpp">
      <Filter>Generated Files</Filter>
    </ClCompile>
    <ClCompile Include="Form\MainWindowCallback.cpp">
      <Filter>Source Files</Filter>
    </ClCompile>
    <ClCompile Include="GeneratedFiles\Debug\moc_MainWindowCallback.cpp">
      <Filter>Generated Files</Filter>
    </ClCompile>
    <ClCompile Include="GeneratedFiles\Release\moc_MainWindowCallback.cpp">
      <Filter>Generated Files</Filter>
    </ClCompile>
    <ClCompile Include="Form\TabWidgetBase.cpp">
      <Filter>Source Files</Filter>
    </ClCompile>
    <ClCompile Include="GeneratedFiles\Debug\moc_TabWidgetBase.cpp">
      <Filter>Generated Files</Filter>
    </ClCompile>
    <ClCompile Include="GeneratedFiles\Release\moc_TabWidgetBase.cpp">
      <Filter>Generated Files</Filter>
    </ClCompile>
    <ClCompile Include="Class\MyThread.cpp">
      <Filter>Source Files</Filter>
    </ClCompile>
    <ClCompile Include="GeneratedFiles\Debug\moc_MyThread.cpp">
      <Filter>Generated Files</Filter>
    </ClCompile>
    <ClCompile Include="GeneratedFiles\Release\moc_MyThread.cpp">
      <Filter>Generated Files</Filter>
    </ClCompile>
    <ClCompile Include="Qualcom\emmcdl\crc.cpp">
      <Filter>Source Files</Filter>
    </ClCompile>
    <ClCompile Include="Qualcom\emmcdl\diskwriter.cpp">
      <Filter>Source Files</Filter>
    </ClCompile>
    <ClCompile Include="Qualcom\emmcdl\dload.cpp">
      <Filter>Source Files</Filter>
    </ClCompile>
    <ClCompile Include="Qualcom\emmcdl\emmcdl.cpp">
      <Filter>Source Files</Filter>
    </ClCompile>
    <ClCompile Include="Qualcom\emmcdl\ffu.cpp">
      <Filter>Source Files</Filter>
    </ClCompile>
    <ClCompile Include="Qualcom\emmcdl\firehose.cpp">
      <Filter>Source Files</Filter>
    </ClCompile>
    <ClCompile Include="Qualcom\emmcdl\partition.cpp">
      <Filter>Source Files</Filter>
    </ClCompile>
    <ClCompile Include="Qualcom\emmcdl\protocol.cpp">
      <Filter>Source Files</Filter>
    </ClCompile>
    <ClCompile Include="Qualcom\emmcdl\sahara.cpp">
      <Filter>Source Files</Filter>
    </ClCompile>
    <ClCompile Include="Qualcom\emmcdl\serialport.cpp">
      <Filter>Source Files</Filter>
    </ClCompile>
    <ClCompile Include="Qualcom\emmcdl\sparse.cpp">
      <Filter>Source Files</Filter>
    </ClCompile>
    <ClCompile Include="Qualcom\emmcdl\xmlparser.cpp">
      <Filter>Source Files</Filter>
    </ClCompile>
    <ClCompile Include="main.cpp">
      <Filter>Source Files</Filter>
    </ClCompile>
    <ClCompile Include="Form\QualComWidget.cpp">
      <Filter>Source Files</Filter>
    </ClCompile>
    <ClCompile Include="GeneratedFiles\Debug\moc_QualComWidget.cpp">
      <Filter>Generated Files</Filter>
    </ClCompile>
    <ClCompile Include="GeneratedFiles\Release\moc_QualComWidget.cpp">
      <Filter>Generated Files</Filter>
    </ClCompile>
    <ClCompile Include="Form\MediatekWidget.cpp">
      <Filter>Source Files</Filter>
    </ClCompile>
    <ClCompile Include="GeneratedFiles\Debug\moc_MediatekWidget.cpp">
      <Filter>Generated Files</Filter>
    </ClCompile>
    <ClCompile Include="GeneratedFiles\Release\moc_MediatekWidget.cpp">
      <Filter>Generated Files</Filter>
    </ClCompile>
    <ClCompile Include="Intel\downloader\cloverviewplus\xfstkdldrpluginuserinterface.cpp">
      <Filter>Source Files</Filter>
    </ClCompile>
    <ClCompile Include="GeneratedFiles\Debug\moc_xfstkdldrpluginuserinterface.cpp">
      <Filter>Generated Files</Filter>
    </ClCompile>
    <ClCompile Include="GeneratedFiles\Release\moc_xfstkdldrpluginuserinterface.cpp">
      <Filter>Generated Files</Filter>
    </ClCompile>
    <ClCompile Include="Intel\downloader\cloverviewplus\xfstkdldrthread.cpp">
      <Filter>Source Files</Filter>
    </ClCompile>
    <ClCompile Include="GeneratedFiles\Debug\moc_xfstkdldrthread.cpp">
      <Filter>Generated Files</Filter>
    </ClCompile>
    <ClCompile Include="GeneratedFiles\Release\moc_xfstkdldrthread.cpp">
      <Filter>Generated Files</Filter>
    </ClCompile>
    <ClCompile Include="IntelSettingDialog.cpp">
      <Filter>Source Files</Filter>
    </ClCompile>
    <ClCompile Include="GeneratedFiles\Debug\moc_IntelSettingDialog.cpp">
      <Filter>Generated Files</Filter>
    </ClCompile>
    <ClCompile Include="GeneratedFiles\Release\moc_IntelSettingDialog.cpp">
      <Filter>Generated Files</Filter>
    </ClCompile>
  </ItemGroup>
  <ItemGroup>
    <CustomBuild Include="26MobileTool.qrc">
      <Filter>Resource Files</Filter>
    </CustomBuild>
    <CustomBuild Include="Form\Widget\AdbWidget.ui">
      <Filter>Form Files</Filter>
    </CustomBuild>
    <CustomBuild Include="Form\Widget\AsusWidget.ui">
      <Filter>Form Files</Filter>
    </CustomBuild>
    <CustomBuild Include="Form\Widget\CmdWidget.ui">
      <Filter>Form Files</Filter>
    </CustomBuild>
    <CustomBuild Include="Form\Widget\EmmcRawWidget.ui">
      <Filter>Form Files</Filter>
    </CustomBuild>
    <CustomBuild Include="Form\Widget\MainWindow.ui">
      <Filter>Form Files</Filter>
    </CustomBuild>
    <CustomBuild Include="Form\AdbWidget.h">
      <Filter>Header Files</Filter>
    </CustomBuild>
    <CustomBuild Include="Form\AsusWidget.h">
      <Filter>Header Files</Filter>
    </CustomBuild>
    <CustomBuild Include="Form\CmdWidget.h">
      <Filter>Header Files</Filter>
    </CustomBuild>
    <CustomBuild Include="Form\EmmcRawWidget.h">
      <Filter>Header Files</Filter>
    </CustomBuild>
    <CustomBuild Include="Form\MainController.h">
      <Filter>Header Files</Filter>
    </CustomBuild>
    <CustomBuild Include="Form\MainWindow.h">
      <Filter>Header Files</Filter>
    </CustomBuild>
    <CustomBuild Include="Form\MainWindowCallback.h">
      <Filter>Header Files</Filter>
    </CustomBuild>
    <CustomBuild Include="Form\TabWidgetBase.h">
      <Filter>Header Files</Filter>
    </CustomBuild>
    <CustomBuild Include="Class\MyThread.h">
      <Filter>Header Files</Filter>
    </CustomBuild>
    <CustomBuild Include="Form\Widget\QualComWidget.ui">
      <Filter>Form Files</Filter>
    </CustomBuild>
    <CustomBuild Include="Form\QualComWidget.h">
      <Filter>Header Files</Filter>
    </CustomBuild>
    <CustomBuild Include="Form\Widget\MediatekWidget.ui">
      <Filter>Form Files</Filter>
    </CustomBuild>
    <CustomBuild Include="Form\MediatekWidget.h">
      <Filter>Header Files</Filter>
    </CustomBuild>
    <CustomBuild Include="Intel\downloader\cloverviewplus\xfstkdldrpluginuserinterface.h">
      <Filter>Header Files</Filter>
    </CustomBuild>
    <CustomBuild Include="Intel\downloader\cloverviewplus\xfstkdldrpluginuserinterface.ui">
      <Filter>Form Files</Filter>
    </CustomBuild>
    <CustomBuild Include="Intel\downloader\cloverviewplus\xfstkdldrthread.h">
      <Filter>Header Files</Filter>
    </CustomBuild>
    <CustomBuild Include="Intel\downloader\cloverviewplus\xfstkdldrpluginoptionsinterface.ui">
      <Filter>Form Files</Filter>
    </CustomBuild>
    <CustomBuild Include="Form\Dialog\IntelSettingDialog.ui">
      <Filter>Form Files</Filter>
    </CustomBuild>
    <CustomBuild Include="IntelSettingDialog.h">
      <Filter>Header Files</Filter>
    </CustomBuild>
  </ItemGroup>
  <ItemGroup>
    <None Include="image\Button\if_button-power_red_69071.png">
      <Filter>Resource Files</Filter>
    </None>
    <None Include="image\Button\if_button-cross_red_69065.png">
      <Filter>Resource Files</Filter>
    </None>
    <None Include="image\Button\if_button-check_blue_68680.png">
      <Filter>Resource Files</Filter>
    </None>
    <None Include="image\Button\checl.png">
      <Filter>Resource Files</Filter>
    </None>
    <None Include="image\Button\power.png">
      <Filter>Resource Files</Filter>
    </None>
    <None Include="image\Button\if_start_71143.png">
      <Filter>Resource Files</Filter>
    </None>
    <None Include="image\Button\reboot.png">
      <Filter>Resource Files</Filter>
    </None>
    <None Include="image\Button\turnoff.png">
      <Filter>Resource Files</Filter>
    </None>
    <None Include="image\Mobile.ico">
      <Filter>Resource Files</Filter>
    </None>
  </ItemGroup>
  <ItemGroup>
    <ClInclude Include="GeneratedFiles\ui_AdbWidget.h">
      <Filter>Generated Files</Filter>
    </ClInclude>
    <ClInclude Include="GeneratedFiles\ui_AsusWidget.h">
      <Filter>Generated Files</Filter>
    </ClInclude>
    <ClInclude Include="GeneratedFiles\ui_CmdWidget.h">
      <Filter>Generated Files</Filter>
    </ClInclude>
    <ClInclude Include="GeneratedFiles\ui_EmmcRawWidget.h">
      <Filter>Generated Files</Filter>
    </ClInclude>
    <ClInclude Include="GeneratedFiles\ui_MainWindow.h">
      <Filter>Generated Files</Filter>
    </ClInclude>
    <ClInclude Include="Qualcom\emmcdl\crc.h">
      <Filter>Header Files</Filter>
    </ClInclude>
    <ClInclude Include="Qualcom\emmcdl\diskwriter.h">
      <Filter>Header Files</Filter>
    </ClInclude>
    <ClInclude Include="Qualcom\emmcdl\dload.h">
      <Filter>Header Files</Filter>
    </ClInclude>
    <ClInclude Include="Qualcom\emmcdl\emmcdl.h">
      <Filter>Header Files</Filter>
    </ClInclude>
    <ClInclude Include="Qualcom\emmcdl\ffu.h">
      <Filter>Header Files</Filter>
    </ClInclude>
    <ClInclude Include="Qualcom\emmcdl\firehose.h">
      <Filter>Header Files</Filter>
    </ClInclude>
    <ClInclude Include="Qualcom\emmcdl\partition.h">
      <Filter>Header Files</Filter>
    </ClInclude>
    <ClInclude Include="Qualcom\emmcdl\protocol.h">
      <Filter>Header Files</Filter>
    </ClInclude>
    <ClInclude Include="Qualcom\emmcdl\qcversion.h">
      <Filter>Header Files</Filter>
    </ClInclude>
    <ClInclude Include="Qualcom\emmcdl\sahara.h">
      <Filter>Header Files</Filter>
    </ClInclude>
    <ClInclude Include="Qualcom\emmcdl\serialport.h">
      <Filter>Header Files</Filter>
    </ClInclude>
    <ClInclude Include="Qualcom\emmcdl\sparse.h">
      <Filter>Header Files</Filter>
    </ClInclude>
    <ClInclude Include="Qualcom\emmcdl\targetver.h">
      <Filter>Header Files</Filter>
    </ClInclude>
    <ClInclude Include="Qualcom\emmcdl\xmlparser.h">
      <Filter>Header Files</Filter>
    </ClInclude>
    <ClInclude Include="GeneratedFiles\ui_QualComWidget.h">
      <Filter>Generated Files</Filter>
    </ClInclude>
    <ClInclude Include="Form\resource.h">
      <Filter>Header Files</Filter>
    </ClInclude>
    <ClInclude Include="GeneratedFiles\ui_MediatekWidget.h">
      <Filter>Generated Files</Filter>
    </ClInclude>
    <ClInclude Include="GeneratedFiles\ui_xfstkdldrpluginuserinterface.h">
      <Filter>Generated Files</Filter>
    </ClInclude>
    <ClInclude Include="GeneratedFiles\ui_xfstkdldrpluginoptionsinterface.h">
      <Filter>Generated Files</Filter>
    </ClInclude>
    <ClInclude Include="GeneratedFiles\ui_IntelSettingDialog.h">
      <Filter>Generated Files</Filter>
    </ClInclude>
  </ItemGroup>
</Project>