<?xml version="1.0" encoding="utf-8"?>
<Project ToolsVersion="4.0" xmlns="http://schemas.microsoft.com/developer/msbuild/2003">
  <ItemGroup>
    <Filter Include="Source Files">
      <UniqueIdentifier>{4FC737F1-C7A5-4376-A066-2A32D752A2FF}</UniqueIdentifier>
      <Extensions>cpp;c;cc;cxx;def;odl;idl;hpj;bat;asm;asmx</Extensions>
    </Filter>
    <Filter Include="Header Files">
      <UniqueIdentifier>{93995380-89BD-4b04-88EB-625FBE52EBFB}</UniqueIdentifier>
      <Extensions>h;hh;hpp;hxx;hm;inl;inc;xsd</Extensions>
    </Filter>
    <Filter Include="Resource Files">
      <UniqueIdentifier>{D9D6E242-F8AF-46E4-B9FD-80ECBC20BA3E}</UniqueIdentifier>
      <Extensions>qrc;*</Extensions>
      <ParseFiles>false</ParseFiles>
    </Filter>
    <Filter Include="Form Files">
      <UniqueIdentifier>{99349809-55BA-4b9d-BF79-8FDBB0286EB3}</UniqueIdentifier>
      <Extensions>ui</Extensions>
    </Filter>
    <Filter Include="Resource Files">
      <UniqueIdentifier>{D9D6E242-F8AF-46E4-B9FD-80ECBC20BA3E}</UniqueIdentifier>
      <Extensions>qrc;*</Extensions>
      <ParseFiles>false</ParseFiles>
    </Filter>
    <Filter Include="Generated Files">
      <UniqueIdentifier>{71ED8ED8-ACB9-4CE9-BBE1-E00B30144E11}</UniqueIdentifier>
      <Extensions>moc;h;cpp</Extensions>
      <SourceControlFiles>False</SourceControlFiles>
    </Filter>
  </ItemGroup>
  <ItemGroup>
    <ClCompile Include="main.cpp">
      <Filter>Source Files</Filter>
    </ClCompile>
    <ClCompile Include="crc.cpp">
      <Filter>Source Files</Filter>
    </ClCompile>
    <ClCompile Include="dload.cpp">
      <Filter>Source Files</Filter>
    </ClCompile>
    <ClCompile Include="emmcdl.cpp">
      <Filter>Source Files</Filter>
    </ClCompile>
    <ClCompile Include="ffu.cpp">
      <Filter>Source Files</Filter>
    </ClCompile>
    <ClCompile Include="firehose.cpp">
      <Filter>Source Files</Filter>
    </ClCompile>
    <ClCompile Include="partition.cpp">
      <Filter>Source Files</Filter>
    </ClCompile>
    <ClCompile Include="protocol.cpp">
      <Filter>Source Files</Filter>
    </ClCompile>
    <ClCompile Include="sahara.cpp">
      <Filter>Source Files</Filter>
    </ClCompile>
    <ClCompile Include="serialport.cpp">
      <Filter>Source Files</Filter>
    </ClCompile>
    <ClCompile Include="sparse.cpp">
      <Filter>Source Files</Filter>
    </ClCompile>
    <ClCompile Include="xmlparser.cpp">
      <Filter>Source Files</Filter>
    </ClCompile>
    <ClCompile Include="GeneratedFiles\qrc_emmcdlGui.cpp">
      <Filter>Generated Files</Filter>
    </ClCompile>
    <ClCompile Include="MyThread.cpp">
      <Filter>Source Files</Filter>
    </ClCompile>
    <ClCompile Include="GeneratedFiles\Debug\moc_MyThread.cpp">
      <Filter>Generated Files</Filter>
    </ClCompile>
    <ClCompile Include="GeneratedFiles\Release\moc_MyThread.cpp">
      <Filter>Generated Files</Filter>
    </ClCompile>
    <ClCompile Include="diskwriter.cpp">
      <Filter>Source Files</Filter>
    </ClCompile>
    <ClCompile Include="GeneratedFiles\Debug\moc_MainWindow.cpp">
      <Filter>Generated Files</Filter>
    </ClCompile>
    <ClCompile Include="GeneratedFiles\Release\moc_MainWindow.cpp">
      <Filter>Generated Files</Filter>
    </ClCompile>
    <ClCompile Include="MainWindow.cpp">
      <Filter>Source Files</Filter>
    </ClCompile>
    <ClCompile Include="MainWindowCallback.cpp">
      <Filter>Source Files</Filter>
    </ClCompile>
    <ClCompile Include="GeneratedFiles\Debug\moc_MainWindowCallback.cpp">
      <Filter>Generated Files</Filter>
    </ClCompile>
    <ClCompile Include="GeneratedFiles\Release\moc_MainWindowCallback.cpp">
      <Filter>Generated Files</Filter>
    </ClCompile>
    <ClCompile Include="MainController.cpp">
      <Filter>Source Files</Filter>
    </ClCompile>
    <ClCompile Include="GeneratedFiles\Debug\moc_MainController.cpp">
      <Filter>Generated Files</Filter>
    </ClCompile>
    <ClCompile Include="GeneratedFiles\Release\moc_MainController.cpp">
      <Filter>Generated Files</Filter>
    </ClCompile>
    <ClCompile Include="TabWidgetBase.cpp">
      <Filter>Source Files</Filter>
    </ClCompile>
    <ClCompile Include="GeneratedFiles\Debug\moc_TabWidgetBase.cpp">
      <Filter>Generated Files</Filter>
    </ClCompile>
    <ClCompile Include="GeneratedFiles\Release\moc_TabWidgetBase.cpp">
      <Filter>Generated Files</Filter>
    </ClCompile>
    <ClCompile Include="AdbWidget.cpp">
      <Filter>Source Files</Filter>
    </ClCompile>
    <ClCompile Include="GeneratedFiles\Debug\moc_AdbWidget.cpp">
      <Filter>Generated Files</Filter>
    </ClCompile>
    <ClCompile Include="GeneratedFiles\Release\moc_AdbWidget.cpp">
      <Filter>Generated Files</Filter>
    </ClCompile>
    <ClCompile Include="CmdWidget.cpp">
      <Filter>Source Files</Filter>
    </ClCompile>
    <ClCompile Include="GeneratedFiles\Debug\moc_CmdWidget.cpp">
      <Filter>Generated Files</Filter>
    </ClCompile>
    <ClCompile Include="GeneratedFiles\Release\moc_CmdWidget.cpp">
      <Filter>Generated Files</Filter>
    </ClCompile>
    <ClCompile Include="EmmcRawWidget.cpp">
      <Filter>Source Files</Filter>
    </ClCompile>
    <ClCompile Include="GeneratedFiles\Debug\moc_EmmcRawWidget.cpp">
      <Filter>Generated Files</Filter>
    </ClCompile>
    <ClCompile Include="GeneratedFiles\Release\moc_EmmcRawWidget.cpp">
      <Filter>Generated Files</Filter>
    </ClCompile>
    <ClCompile Include="QualComMobileWidget.cpp">
      <Filter>Source Files</Filter>
    </ClCompile>
    <ClCompile Include="GeneratedFiles\Debug\moc_QualComMobileWidget.cpp">
      <Filter>Generated Files</Filter>
    </ClCompile>
    <ClCompile Include="GeneratedFiles\Release\moc_QualComMobileWidget.cpp">
      <Filter>Generated Files</Filter>
    </ClCompile>
    <ClCompile Include="AsusWidget.cpp">
      <Filter>Source Files</Filter>
    </ClCompile>
    <ClCompile Include="GeneratedFiles\Debug\moc_AsusWidget.cpp">
      <Filter>Generated Files</Filter>
    </ClCompile>
    <ClCompile Include="GeneratedFiles\Release\moc_AsusWidget.cpp">
      <Filter>Generated Files</Filter>
    </ClCompile>
  </ItemGroup>
  <ItemGroup>
    <CustomBuild Include="emmcdlGui.qrc">
      <Filter>Resource Files</Filter>
    </CustomBuild>
    <CustomBuild Include="MyThread.h">
      <Filter>Header Files</Filter>
    </CustomBuild>
    <CustomBuild Include="protocol.h">
      <Filter>Header Files</Filter>
    </CustomBuild>
    <CustomBuild Include="MainWindow.h">
      <Filter>Header Files</Filter>
    </CustomBuild>
    <CustomBuild Include="MainWindow.ui">
      <Filter>Form Files</Filter>
    </CustomBuild>
    <CustomBuild Include="MainWindowCallback.h">
      <Filter>Header Files</Filter>
    </CustomBuild>
    <CustomBuild Include="MainController.h">
      <Filter>Header Files</Filter>
    </CustomBuild>
    <CustomBuild Include="TabWidgetBase.h">
      <Filter>Header Files</Filter>
    </CustomBuild>
    <CustomBuild Include="AdbWidget.h">
      <Filter>Header Files</Filter>
    </CustomBuild>
    <CustomBuild Include="AdbWidget.ui">
      <Filter>Form Files</Filter>
    </CustomBuild>
    <CustomBuild Include="CmdWidget.h">
      <Filter>Header Files</Filter>
    </CustomBuild>
    <CustomBuild Include="CmdWidget.ui">
      <Filter>Form Files</Filter>
    </CustomBuild>
    <CustomBuild Include="EmmcRawWidget.h">
      <Filter>Header Files</Filter>
    </CustomBuild>
    <CustomBuild Include="EmmcRawWidget.ui">
      <Filter>Form Files</Filter>
    </CustomBuild>
    <CustomBuild Include="QualComMobileWidget.h">
      <Filter>Header Files</Filter>
    </CustomBuild>
    <CustomBuild Include="qualcommobilewidget.ui">
      <Filter>Form Files</Filter>
    </CustomBuild>
    <CustomBuild Include="AsusWidget.ui">
      <Filter>Form Files</Filter>
    </CustomBuild>
    <CustomBuild Include="AsusWidget.h">
      <Filter>Header Files</Filter>
    </CustomBuild>
  </ItemGroup>
  <ItemGroup>
    <ClInclude Include="crc.h">
      <Filter>Header Files</Filter>
    </ClInclude>
    <ClInclude Include="dload.h">
      <Filter>Header Files</Filter>
    </ClInclude>
    <ClInclude Include="emmcdl.h">
      <Filter>Header Files</Filter>
    </ClInclude>
    <ClInclude Include="ffu.h">
      <Filter>Header Files</Filter>
    </ClInclude>
    <ClInclude Include="firehose.h">
      <Filter>Header Files</Filter>
    </ClInclude>
    <ClInclude Include="partition.h">
      <Filter>Header Files</Filter>
    </ClInclude>
    <ClInclude Include="qcversion.h">
      <Filter>Header Files</Filter>
    </ClInclude>
    <ClInclude Include="sahara.h">
      <Filter>Header Files</Filter>
    </ClInclude>
    <ClInclude Include="serialport.h">
      <Filter>Header Files</Filter>
    </ClInclude>
    <ClInclude Include="sparse.h">
      <Filter>Header Files</Filter>
    </ClInclude>
    <ClInclude Include="targetver.h">
      <Filter>Header Files</Filter>
    </ClInclude>
    <ClInclude Include="xmlparser.h">
      <Filter>Header Files</Filter>
    </ClInclude>
    <ClInclude Include="diskwriter.h">
      <Filter>Header Files</Filter>
    </ClInclude>
    <ClInclude Include="resource.h">
      <Filter>Header Files</Filter>
    </ClInclude>
    <ClInclude Include="GeneratedFiles\ui_MainWindow.h">
      <Filter>Generated Files</Filter>
    </ClInclude>
    <ClInclude Include="GeneratedFiles\ui_AdbWidget.h">
      <Filter>Generated Files</Filter>
    </ClInclude>
    <ClInclude Include="GeneratedFiles\ui_CmdWidget.h">
      <Filter>Generated Files</Filter>
    </ClInclude>
    <ClInclude Include="GeneratedFiles\ui_EmmcRawWidget.h">
      <Filter>Generated Files</Filter>
    </ClInclude>
    <ClInclude Include="GeneratedFiles\ui_qualcommobilewidget.h">
      <Filter>Generated Files</Filter>
    </ClInclude>
    <ClInclude Include="GeneratedFiles\ui_AsusWidget.h">
      <Filter>Generated Files</Filter>
    </ClInclude>
    <ClInclude Include="xfstk-dldr-api\xfstkdldrapi.h">
      <Filter>Header Files</Filter>
    </ClInclude>
    <ClInclude Include="xfstk-dldr-api\xfstk-dldr-api_global.h">
      <Filter>Header Files</Filter>
    </ClInclude>
  </ItemGroup>
</Project>