
Microsoft Visual Studio Solution File, Format Version 12.00
# Visual Studio 15
VisualStudioVersion = 15.0.27130.2036
MinimumVisualStudioVersion = 10.0.40219.1
Project("{8BC9CEB8-8B4A-11D0-8D11-00A0C91BC942}") = "26MobileTool", "sourcecode\26MobileTool\26MobileTool.vcxproj", "{B12702AD-ABFB-343A-A199-8E24837244A3}"
EndProject
Project("{8BC9CEB8-8B4A-11D0-8D11-00A0C91BC942}") = "LsComQualcom", "sourcecode\lscomQualcom\LsCom.vcxproj", "{0297CF11-B1AF-448C-934C-5A1702418714}"
EndProject
Project("{8BC9CEB8-8B4A-11D0-8D11-00A0C91BC942}") = "LsComUtf8", "sourcecode\lscomUtf8\LsComQualcom.vcxproj", "{01A6AD58-FD2A-4DEF-B7C1-BD84B0F466A4}"
EndProject
Project("{8BC9CEB8-8B4A-11D0-8D11-00A0C91BC942}") = "lsdrive", "sourcecode\lsdrive\lsdrive.vcxproj", "{D435D49F-EF61-4F06-AA8B-5B5984BDAB66}"
EndProject
Project("{8BC9CEB8-8B4A-11D0-8D11-00A0C91BC942}") = "LsUsb", "sourcecode\LsUsb\LsUsb.vcxproj", "{3516D317-89B5-48EA-BFF5-5E2CE1635F72}"
EndProject
Project("{8BC9CEB8-8B4A-11D0-8D11-00A0C91BC942}") = "UsbConnectEvent", "sourcecode\UsbConnectEvent\UsbConnectEvent.vcxproj", "{7BC8BC34-A20A-45D6-A386-EA60FAA88A69}"
EndProject
Global
	GlobalSection(SolutionConfigurationPlatforms) = preSolution
		Debug|x64 = Debug|x64
		Debug|x86 = Debug|x86
		Release|x64 = Release|x64
		Release|x86 = Release|x86
	EndGlobalSection
	GlobalSection(ProjectConfigurationPlatforms) = postSolution
		{B12702AD-ABFB-343A-A199-8E24837244A3}.Debug|x64.ActiveCfg = Debug|Win32
		{B12702AD-ABFB-343A-A199-8E24837244A3}.Debug|x86.ActiveCfg = Debug|Win32
		{B12702AD-ABFB-343A-A199-8E24837244A3}.Debug|x86.Build.0 = Debug|Win32
		{B12702AD-ABFB-343A-A199-8E24837244A3}.Release|x64.ActiveCfg = Release|Win32
		{B12702AD-ABFB-343A-A199-8E24837244A3}.Release|x86.ActiveCfg = Release|Win32
		{B12702AD-ABFB-343A-A199-8E24837244A3}.Release|x86.Build.0 = Release|Win32
		{0297CF11-B1AF-448C-934C-5A1702418714}.Debug|x64.ActiveCfg = Debug|x64
		{0297CF11-B1AF-448C-934C-5A1702418714}.Debug|x64.Build.0 = Debug|x64
		{0297CF11-B1AF-448C-934C-5A1702418714}.Debug|x86.ActiveCfg = Debug|Win32
		{0297CF11-B1AF-448C-934C-5A1702418714}.Debug|x86.Build.0 = Debug|Win32
		{0297CF11-B1AF-448C-934C-5A1702418714}.Release|x64.ActiveCfg = Release|x64
		{0297CF11-B1AF-448C-934C-5A1702418714}.Release|x64.Build.0 = Release|x64
		{0297CF11-B1AF-448C-934C-5A1702418714}.Release|x86.ActiveCfg = Release|Win32
		{0297CF11-B1AF-448C-934C-5A1702418714}.Release|x86.Build.0 = Release|Win32
		{01A6AD58-FD2A-4DEF-B7C1-BD84B0F466A4}.Debug|x64.ActiveCfg = Debug|x64
		{01A6AD58-FD2A-4DEF-B7C1-BD84B0F466A4}.Debug|x64.Build.0 = Debug|x64
		{01A6AD58-FD2A-4DEF-B7C1-BD84B0F466A4}.Debug|x86.ActiveCfg = Debug|Win32
		{01A6AD58-FD2A-4DEF-B7C1-BD84B0F466A4}.Debug|x86.Build.0 = Debug|Win32
		{01A6AD58-FD2A-4DEF-B7C1-BD84B0F466A4}.Release|x64.ActiveCfg = Release|x64
		{01A6AD58-FD2A-4DEF-B7C1-BD84B0F466A4}.Release|x64.Build.0 = Release|x64
		{01A6AD58-FD2A-4DEF-B7C1-BD84B0F466A4}.Release|x86.ActiveCfg = Release|Win32
		{01A6AD58-FD2A-4DEF-B7C1-BD84B0F466A4}.Release|x86.Build.0 = Release|Win32
		{D435D49F-EF61-4F06-AA8B-5B5984BDAB66}.Debug|x64.ActiveCfg = Debug|x64
		{D435D49F-EF61-4F06-AA8B-5B5984BDAB66}.Debug|x64.Build.0 = Debug|x64
		{D435D49F-EF61-4F06-AA8B-5B5984BDAB66}.Debug|x86.ActiveCfg = Debug|Win32
		{D435D49F-EF61-4F06-AA8B-5B5984BDAB66}.Debug|x86.Build.0 = Debug|Win32
		{D435D49F-EF61-4F06-AA8B-5B5984BDAB66}.Release|x64.ActiveCfg = Release|x64
		{D435D49F-EF61-4F06-AA8B-5B5984BDAB66}.Release|x64.Build.0 = Release|x64
		{D435D49F-EF61-4F06-AA8B-5B5984BDAB66}.Release|x86.ActiveCfg = Release|Win32
		{D435D49F-EF61-4F06-AA8B-5B5984BDAB66}.Release|x86.Build.0 = Release|Win32
		{3516D317-89B5-48EA-BFF5-5E2CE1635F72}.Debug|x64.ActiveCfg = Debug|x64
		{3516D317-89B5-48EA-BFF5-5E2CE1635F72}.Debug|x64.Build.0 = Debug|x64
		{3516D317-89B5-48EA-BFF5-5E2CE1635F72}.Debug|x86.ActiveCfg = Debug|Win32
		{3516D317-89B5-48EA-BFF5-5E2CE1635F72}.Debug|x86.Build.0 = Debug|Win32
		{3516D317-89B5-48EA-BFF5-5E2CE1635F72}.Release|x64.ActiveCfg = Release|x64
		{3516D317-89B5-48EA-BFF5-5E2CE1635F72}.Release|x64.Build.0 = Release|x64
		{3516D317-89B5-48EA-BFF5-5E2CE1635F72}.Release|x86.ActiveCfg = Release|Win32
		{3516D317-89B5-48EA-BFF5-5E2CE1635F72}.Release|x86.Build.0 = Release|Win32
		{7BC8BC34-A20A-45D6-A386-EA60FAA88A69}.Debug|x64.ActiveCfg = Debug|x64
		{7BC8BC34-A20A-45D6-A386-EA60FAA88A69}.Debug|x64.Build.0 = Debug|x64
		{7BC8BC34-A20A-45D6-A386-EA60FAA88A69}.Debug|x86.ActiveCfg = Debug|Win32
		{7BC8BC34-A20A-45D6-A386-EA60FAA88A69}.Debug|x86.Build.0 = Debug|Win32
		{7BC8BC34-A20A-45D6-A386-EA60FAA88A69}.Release|x64.ActiveCfg = Release|x64
		{7BC8BC34-A20A-45D6-A386-EA60FAA88A69}.Release|x64.Build.0 = Release|x64
		{7BC8BC34-A20A-45D6-A386-EA60FAA88A69}.Release|x86.ActiveCfg = Release|Win32
		{7BC8BC34-A20A-45D6-A386-EA60FAA88A69}.Release|x86.Build.0 = Release|Win32
	EndGlobalSection
	GlobalSection(SolutionProperties) = preSolution
		HideSolutionNode = FALSE
	EndGlobalSection
	GlobalSection(ExtensibilityGlobals) = postSolution
		SolutionGuid = {FD7E0F24-C674-4CBF-97BF-DE3DBB000284}
	EndGlobalSection
EndGlobal
